
Microsoft Visual Studio Solution File, Format Version 12.00
# Visual Studio Version 16
VisualStudioVersion = 16.0.810.16
MinimumVisualStudioVersion = 10.0.40219.1
Project("{FAE04EC0-301F-11D3-BF4B-00C04F79EFBC}") = "Services", "Services\Services.csproj", "{692FCB73-8B1F-4093-BAF5-E2AEDA7D5230}"
EndProject
Global
	GlobalSection(SolutionConfigurationPlatforms) = preSolution
		Debug|Any CPU = Debug|Any CPU
		Release|Any CPU = Release|Any CPU
	EndGlobalSection
	GlobalSection(ProjectConfigurationPlatforms) = postSolution
		{692FCB73-8B1F-4093-BAF5-E2AEDA7D5230}.Debug|Any CPU.ActiveCfg = Debug|Any CPU
		{692FCB73-8B1F-4093-BAF5-E2AEDA7D5230}.Debug|Any CPU.Build.0 = Debug|Any CPU
		{692FCB73-8B1F-4093-BAF5-E2AEDA7D5230}.Release|Any CPU.ActiveCfg = Release|Any CPU
		{692FCB73-8B1F-4093-BAF5-E2AEDA7D5230}.Release|Any CPU.Build.0 = Release|Any CPU
	EndGlobalSection
	GlobalSection(SolutionProperties) = preSolution
		HideSolutionNode = FALSE
	EndGlobalSection
	GlobalSection(ExtensibilityGlobals) = postSolution
		SolutionGuid = {CB5BF66A-541E-4C93-88CA-62882346AA0A}
	EndGlobalSection
EndGlobal
